// !$*UTF8*$!
{
	archiveVersion = 1;
	classes = {
	};
	objectVersion = 46;
	objects = {

/* Begin PBXBuildFile section */
		7AC22E4D1A4754D50038D46F /* AppDelegate.swift in Sources */ = {isa = PBXBuildFile; fileRef = 7AC22E4C1A4754D50038D46F /* AppDelegate.swift */; };
		7AC22E4F1A4754D50038D46F /* MasterViewController.swift in Sources */ = {isa = PBXBuildFile; fileRef = 7AC22E4E1A4754D50038D46F /* MasterViewController.swift */; };
		7AC22E511A4754D50038D46F /* DetailViewController.swift in Sources */ = {isa = PBXBuildFile; fileRef = 7AC22E501A4754D50038D46F /* DetailViewController.swift */; };
		7AC22E541A4754D60038D46F /* Main.storyboard in Resources */ = {isa = PBXBuildFile; fileRef = 7AC22E521A4754D60038D46F /* Main.storyboard */; };
		7AC22E561A4754D60038D46F /* Images.xcassets in Resources */ = {isa = PBXBuildFile; fileRef = 7AC22E551A4754D60038D46F /* Images.xcassets */; };
		7AC22E591A4754D70038D46F /* LaunchScreen.xib in Resources */ = {isa = PBXBuildFile; fileRef = 7AC22E571A4754D70038D46F /* LaunchScreen.xib */; };
		7AC22E651A4754D70038D46F /* TaskMeTests.swift in Sources */ = {isa = PBXBuildFile; fileRef = 7AC22E641A4754D70038D46F /* TaskMeTests.swift */; };
		7AC22E6F1A475F740038D46F /* AddTaskViewController.swift in Sources */ = {isa = PBXBuildFile; fileRef = 7AC22E6E1A475F730038D46F /* AddTaskViewController.swift */; };
		7AC22E711A47615B0038D46F /* DismissSegue.swift in Sources */ = {isa = PBXBuildFile; fileRef = 7AC22E701A47615B0038D46F /* DismissSegue.swift */; };
		7AC22E731A4764900038D46F /* Task.swift in Sources */ = {isa = PBXBuildFile; fileRef = 7AC22E721A4764900038D46F /* Task.swift */; };
		7AC22E751A4765350038D46F /* TaskStore.swift in Sources */ = {isa = PBXBuildFile; fileRef = 7AC22E741A4765350038D46F /* TaskStore.swift */; };
/* End PBXBuildFile section */

/* Begin PBXContainerItemProxy section */
		7AC22E5F1A4754D70038D46F /* PBXContainerItemProxy */ = {
			isa = PBXContainerItemProxy;
			containerPortal = 7AC22E3F1A4754D20038D46F /* Project object */;
			proxyType = 1;
			remoteGlobalIDString = 7AC22E461A4754D40038D46F;
			remoteInfo = TaskMe;
		};
/* End PBXContainerItemProxy section */

/* Begin PBXFileReference section */
		7AC22E471A4754D40038D46F /* TaskMe.app */ = {isa = PBXFileReference; explicitFileType = wrapper.application; includeInIndex = 0; path = TaskMe.app; sourceTree = BUILT_PRODUCTS_DIR; };
		7AC22E4B1A4754D50038D46F /* Info.plist */ = {isa = PBXFileReference; lastKnownFileType = text.plist.xml; path = Info.plist; sourceTree = "<group>"; };
		7AC22E4C1A4754D50038D46F /* AppDelegate.swift */ = {isa = PBXFileReference; lastKnownFileType = sourcecode.swift; path = AppDelegate.swift; sourceTree = "<group>"; };
		7AC22E4E1A4754D50038D46F /* MasterViewController.swift */ = {isa = PBXFileReference; lastKnownFileType = sourcecode.swift; path = MasterViewController.swift; sourceTree = "<group>"; };
		7AC22E501A4754D50038D46F /* DetailViewController.swift */ = {isa = PBXFileReference; lastKnownFileType = sourcecode.swift; path = DetailViewController.swift; sourceTree = "<group>"; };
		7AC22E531A4754D60038D46F /* Base */ = {isa = PBXFileReference; lastKnownFileType = file.storyboard; name = Base; path = Base.lproj/Main.storyboard; sourceTree = "<group>"; };
		7AC22E551A4754D60038D46F /* Images.xcassets */ = {isa = PBXFileReference; lastKnownFileType = folder.assetcatalog; path = Images.xcassets; sourceTree = "<group>"; };
		7AC22E581A4754D70038D46F /* Base */ = {isa = PBXFileReference; lastKnownFileType = file.xib; name = Base; path = Base.lproj/LaunchScreen.xib; sourceTree = "<group>"; };
		7AC22E5E1A4754D70038D46F /* TaskMeTests.xctest */ = {isa = PBXFileReference; explicitFileType = wrapper.cfbundle; includeInIndex = 0; path = TaskMeTests.xctest; sourceTree = BUILT_PRODUCTS_DIR; };
		7AC22E631A4754D70038D46F /* Info.plist */ = {isa = PBXFileReference; lastKnownFileType = text.plist.xml; path = Info.plist; sourceTree = "<group>"; };
		7AC22E641A4754D70038D46F /* TaskMeTests.swift */ = {isa = PBXFileReference; lastKnownFileType = sourcecode.swift; path = TaskMeTests.swift; sourceTree = "<group>"; };
		7AC22E6E1A475F730038D46F /* AddTaskViewController.swift */ = {isa = PBXFileReference; fileEncoding = 4; lastKnownFileType = sourcecode.swift; path = AddTaskViewController.swift; sourceTree = "<group>"; };
		7AC22E701A47615B0038D46F /* DismissSegue.swift */ = {isa = PBXFileReference; fileEncoding = 4; lastKnownFileType = sourcecode.swift; path = DismissSegue.swift; sourceTree = "<group>"; };
		7AC22E721A4764900038D46F /* Task.swift */ = {isa = PBXFileReference; fileEncoding = 4; lastKnownFileType = sourcecode.swift; path = Task.swift; sourceTree = "<group>"; };
		7AC22E741A4765350038D46F /* TaskStore.swift */ = {isa = PBXFileReference; fileEncoding = 4; lastKnownFileType = sourcecode.swift; path = TaskStore.swift; sourceTree = "<group>"; };
/* End PBXFileReference section */

/* Begin PBXFrameworksBuildPhase section */
		7AC22E441A4754D40038D46F /* Frameworks */ = {
			isa = PBXFrameworksBuildPhase;
			buildActionMask = 2147483647;
			files = (
			);
			runOnlyForDeploymentPostprocessing = 0;
		};
		7AC22E5B1A4754D70038D46F /* Frameworks */ = {
			isa = PBXFrameworksBuildPhase;
			buildActionMask = 2147483647;
			files = (
			);
			runOnlyForDeploymentPostprocessing = 0;
		};
/* End PBXFrameworksBuildPhase section */

/* Begin PBXGroup section */
		7AC22E3E1A4754D20038D46F = {
			isa = PBXGroup;
			children = (
				7AC22E491A4754D40038D46F /* TaskMe */,
				7AC22E611A4754D70038D46F /* TaskMeTests */,
				7AC22E481A4754D40038D46F /* Products */,
			);
			sourceTree = "<group>";
		};
		7AC22E481A4754D40038D46F /* Products */ = {
			isa = PBXGroup;
			children = (
				7AC22E471A4754D40038D46F /* TaskMe.app */,
				7AC22E5E1A4754D70038D46F /* TaskMeTests.xctest */,
			);
			name = Products;
			sourceTree = "<group>";
		};
		7AC22E491A4754D40038D46F /* TaskMe */ = {
			isa = PBXGroup;
			children = (
				7AC22E4C1A4754D50038D46F /* AppDelegate.swift */,
				7AC22E4E1A4754D50038D46F /* MasterViewController.swift */,
				7AC22E501A4754D50038D46F /* DetailViewController.swift */,
				7AC22E521A4754D60038D46F /* Main.storyboard */,
				7AC22E721A4764900038D46F /* Task.swift */,
				7AC22E741A4765350038D46F /* TaskStore.swift */,
				7AC22E701A47615B0038D46F /* DismissSegue.swift */,
				7AC22E6E1A475F730038D46F /* AddTaskViewController.swift */,
				7AC22E551A4754D60038D46F /* Images.xcassets */,
				7AC22E571A4754D70038D46F /* LaunchScreen.xib */,
				7AC22E4A1A4754D40038D46F /* Supporting Files */,
			);
			path = TaskMe;
			sourceTree = "<group>";
		};
		7AC22E4A1A4754D40038D46F /* Supporting Files */ = {
			isa = PBXGroup;
			children = (
				7AC22E4B1A4754D50038D46F /* Info.plist */,
			);
			name = "Supporting Files";
			sourceTree = "<group>";
		};
		7AC22E611A4754D70038D46F /* TaskMeTests */ = {
			isa = PBXGroup;
			children = (
				7AC22E641A4754D70038D46F /* TaskMeTests.swift */,
				7AC22E621A4754D70038D46F /* Supporting Files */,
			);
			path = TaskMeTests;
			sourceTree = "<group>";
		};
		7AC22E621A4754D70038D46F /* Supporting Files */ = {
			isa = PBXGroup;
			children = (
				7AC22E631A4754D70038D46F /* Info.plist */,
			);
			name = "Supporting Files";
			sourceTree = "<group>";
		};
/* End PBXGroup section */

/* Begin PBXNativeTarget section */
		7AC22E461A4754D40038D46F /* TaskMe */ = {
			isa = PBXNativeTarget;
			buildConfigurationList = 7AC22E681A4754D70038D46F /* Build configuration list for PBXNativeTarget "TaskMe" */;
			buildPhases = (
				7AC22E431A4754D40038D46F /* Sources */,
				7AC22E441A4754D40038D46F /* Frameworks */,
				7AC22E451A4754D40038D46F /* Resources */,
			);
			buildRules = (
			);
			dependencies = (
			);
			name = TaskMe;
			productName = TaskMe;
			productReference = 7AC22E471A4754D40038D46F /* TaskMe.app */;
			productType = "com.apple.product-type.application";
		};
		7AC22E5D1A4754D70038D46F /* TaskMeTests */ = {
			isa = PBXNativeTarget;
			buildConfigurationList = 7AC22E6B1A4754D70038D46F /* Build configuration list for PBXNativeTarget "TaskMeTests" */;
			buildPhases = (
				7AC22E5A1A4754D70038D46F /* Sources */,
				7AC22E5B1A4754D70038D46F /* Frameworks */,
				7AC22E5C1A4754D70038D46F /* Resources */,
			);
			buildRules = (
			);
			dependencies = (
				7AC22E601A4754D70038D46F /* PBXTargetDependency */,
			);
			name = TaskMeTests;
			productName = TaskMeTests;
			productReference = 7AC22E5E1A4754D70038D46F /* TaskMeTests.xctest */;
			productType = "com.apple.product-type.bundle.unit-test";
		};
/* End PBXNativeTarget section */

/* Begin PBXProject section */
		7AC22E3F1A4754D20038D46F /* Project object */ = {
			isa = PBXProject;
			attributes = {
				LastUpgradeCheck = 0610;
				ORGANIZATIONNAME = "Jeanette Pranin";
				TargetAttributes = {
					7AC22E461A4754D40038D46F = {
						CreatedOnToolsVersion = 6.1.1;
					};
					7AC22E5D1A4754D70038D46F = {
						CreatedOnToolsVersion = 6.1.1;
						TestTargetID = 7AC22E461A4754D40038D46F;
					};
				};
			};
			buildConfigurationList = 7AC22E421A4754D30038D46F /* Build configuration list for PBXProject "TaskMe" */;
			compatibilityVersion = "Xcode 3.2";
			developmentRegion = English;
			hasScannedForEncodings = 0;
			knownRegions = (
				en,
				Base,
			);
			mainGroup = 7AC22E3E1A4754D20038D46F;
			productRefGroup = 7AC22E481A4754D40038D46F /* Products */;
			projectDirPath = "";
			projectRoot = "";
			targets = (
				7AC22E461A4754D40038D46F /* TaskMe */,
				7AC22E5D1A4754D70038D46F /* TaskMeTests */,
			);
		};
/* End PBXProject section */

/* Begin PBXResourcesBuildPhase section */
		7AC22E451A4754D40038D46F /* Resources */ = {
			isa = PBXResourcesBuildPhase;
			buildActionMask = 2147483647;
			files = (
				7AC22E541A4754D60038D46F /* Main.storyboard in Resources */,
				7AC22E591A4754D70038D46F /* LaunchScreen.xib in Resources */,
				7AC22E561A4754D60038D46F /* Images.xcassets in Resources */,
			);
			runOnlyForDeploymentPostprocessing = 0;
		};
		7AC22E5C1A4754D70038D46F /* Resources */ = {
			isa = PBXResourcesBuildPhase;
			buildActionMask = 2147483647;
			files = (
			);
			runOnlyForDeploymentPostprocessing = 0;
		};
/* End PBXResourcesBuildPhase section */

/* Begin PBXSourcesBuildPhase section */
		7AC22E431A4754D40038D46F /* Sources */ = {
			isa = PBXSourcesBuildPhase;
			buildActionMask = 2147483647;
			files = (
				7AC22E511A4754D50038D46F /* DetailViewController.swift in Sources */,
				7AC22E711A47615B0038D46F /* DismissSegue.swift in Sources */,
				7AC22E6F1A475F740038D46F /* AddTaskViewController.swift in Sources */,
				7AC22E4F1A4754D50038D46F /* MasterViewController.swift in Sources */,
				7AC22E731A4764900038D46F /* Task.swift in Sources */,
				7AC22E4D1A4754D50038D46F /* AppDelegate.swift in Sources */,
				7AC22E751A4765350038D46F /* TaskStore.swift in Sources */,
			);
			runOnlyForDeploymentPostprocessing = 0;
		};
		7AC22E5A1A4754D70038D46F /* Sources */ = {
			isa = PBXSourcesBuildPhase;
			buildActionMask = 2147483647;
			files = (
				7AC22E651A4754D70038D46F /* TaskMeTests.swift in Sources */,
			);
			runOnlyForDeploymentPostprocessing = 0;
		};
/* End PBXSourcesBuildPhase section */

/* Begin PBXTargetDependency section */
		7AC22E601A4754D70038D46F /* PBXTargetDependency */ = {
			isa = PBXTargetDependency;
			target = 7AC22E461A4754D40038D46F /* TaskMe */;
			targetProxy = 7AC22E5F1A4754D70038D46F /* PBXContainerItemProxy */;
		};
/* End PBXTargetDependency section */

/* Begin PBXVariantGroup section */
		7AC22E521A4754D60038D46F /* Main.storyboard */ = {
			isa = PBXVariantGroup;
			children = (
				7AC22E531A4754D60038D46F /* Base */,
			);
			name = Main.storyboard;
			sourceTree = "<group>";
		};
		7AC22E571A4754D70038D46F /* LaunchScreen.xib */ = {
			isa = PBXVariantGroup;
			children = (
				7AC22E581A4754D70038D46F /* Base */,
			);
			name = LaunchScreen.xib;
			sourceTree = "<group>";
		};
/* End PBXVariantGroup section */

/* Begin XCBuildConfiguration section */
		7AC22E661A4754D70038D46F /* Debug */ = {
			isa = XCBuildConfiguration;
			buildSettings = {
				ALWAYS_SEARCH_USER_PATHS = NO;
				CLANG_CXX_LANGUAGE_STANDARD = "gnu++0x";
				CLANG_CXX_LIBRARY = "libc++";
				CLANG_ENABLE_MODULES = YES;
				CLANG_ENABLE_OBJC_ARC = YES;
				CLANG_WARN_BOOL_CONVERSION = YES;
				CLANG_WARN_CONSTANT_CONVERSION = YES;
				CLANG_WARN_DIRECT_OBJC_ISA_USAGE = YES_ERROR;
				CLANG_WARN_EMPTY_BODY = YES;
				CLANG_WARN_ENUM_CONVERSION = YES;
				CLANG_WARN_INT_CONVERSION = YES;
				CLANG_WARN_OBJC_ROOT_CLASS = YES_ERROR;
				CLANG_WARN_UNREACHABLE_CODE = YES;
				CLANG_WARN__DUPLICATE_METHOD_MATCH = YES;
				"CODE_SIGN_IDENTITY[sdk=iphoneos*]" = "iPhone Developer";
				COPY_PHASE_STRIP = NO;
				ENABLE_STRICT_OBJC_MSGSEND = YES;
				GCC_C_LANGUAGE_STANDARD = gnu99;
				GCC_DYNAMIC_NO_PIC = NO;
				GCC_OPTIMIZATION_LEVEL = 0;
				GCC_PREPROCESSOR_DEFINITIONS = (
					"DEBUG=1",
					"$(inherited)",
				);
				GCC_SYMBOLS_PRIVATE_EXTERN = NO;
				GCC_WARN_64_TO_32_BIT_CONVERSION = YES;
				GCC_WARN_ABOUT_RETURN_TYPE = YES_ERROR;
				GCC_WARN_UNDECLARED_SELECTOR = YES;
				GCC_WARN_UNINITIALIZED_AUTOS = YES_AGGRESSIVE;
				GCC_WARN_UNUSED_FUNCTION = YES;
				GCC_WARN_UNUSED_VARIABLE = YES;
				IPHONEOS_DEPLOYMENT_TARGET = 8.1;
				MTL_ENABLE_DEBUG_INFO = YES;
				ONLY_ACTIVE_ARCH = YES;
				SDKROOT = iphoneos;
				SWIFT_OPTIMIZATION_LEVEL = "-Onone";
			};
			name = Debug;
		};
		7AC22E671A4754D70038D46F /* Release */ = {
			isa = XCBuildConfiguration;
			buildSettings = {
				ALWAYS_SEARCH_USER_PATHS = NO;
				CLANG_CXX_LANGUAGE_STANDARD = "gnu++0x";
				CLANG_CXX_LIBRARY = "libc++";
				CLANG_ENABLE_MODULES = YES;
				CLANG_ENABLE_OBJC_ARC = YES;
				CLANG_WARN_BOOL_CONVERSION = YES;
				CLANG_WARN_CONSTANT_CONVERSION = YES;
				CLANG_WARN_DIRECT_OBJC_ISA_USAGE = YES_ERROR;
				CLANG_WARN_EMPTY_BODY = YES;
				CLANG_WARN_ENUM_CONVERSION = YES;
				CLANG_WARN_INT_CONVERSION = YES;
				CLANG_WARN_OBJC_ROOT_CLASS = YES_ERROR;
				CLANG_WARN_UNREACHABLE_CODE = YES;
				CLANG_WARN__DUPLICATE_METHOD_MATCH = YES;
				"CODE_SIGN_IDENTITY[sdk=iphoneos*]" = "iPhone Developer";
				COPY_PHASE_STRIP = YES;
				ENABLE_NS_ASSERTIONS = NO;
				ENABLE_STRICT_OBJC_MSGSEND = YES;
				GCC_C_LANGUAGE_STANDARD = gnu99;
				GCC_WARN_64_TO_32_BIT_CONVERSION = YES;
				GCC_WARN_ABOUT_RETURN_TYPE = YES_ERROR;
				GCC_WARN_UNDECLARED_SELECTOR = YES;
				GCC_WARN_UNINITIALIZED_AUTOS = YES_AGGRESSIVE;
				GCC_WARN_UNUSED_FUNCTION = YES;
				GCC_WARN_UNUSED_VARIABLE = YES;
				IPHONEOS_DEPLOYMENT_TARGET = 8.1;
				MTL_ENABLE_DEBUG_INFO = NO;
				SDKROOT = iphoneos;
				VALIDATE_PRODUCT = YES;
			};
			name = Release;
		};
		7AC22E691A4754D70038D46F /* Debug */ = {
			isa = XCBuildConfiguration;
			buildSettings = {
				ASSETCATALOG_COMPILER_APPICON_NAME = AppIcon;
				INFOPLIST_FILE = TaskMe/Info.plist;
				LD_RUNPATH_SEARCH_PATHS = "$(inherited) @executable_path/Frameworks";
				PRODUCT_NAME = "$(TARGET_NAME)";
			};
			name = Debug;
		};
		7AC22E6A1A4754D70038D46F /* Release */ = {
			isa = XCBuildConfiguration;
			buildSettings = {
				ASSETCATALOG_COMPILER_APPICON_NAME = AppIcon;
				INFOPLIST_FILE = TaskMe/Info.plist;
				LD_RUNPATH_SEARCH_PATHS = "$(inherited) @executable_path/Frameworks";
				PRODUCT_NAME = "$(TARGET_NAME)";
			};
			name = Release;
		};
		7AC22E6C1A4754D70038D46F /* Debug */ = {
			isa = XCBuildConfiguration;
			buildSettings = {
				BUNDLE_LOADER = "$(TEST_HOST)";
				FRAMEWORK_SEARCH_PATHS = (
					"$(SDKROOT)/Developer/Library/Frameworks",
					"$(inherited)",
				);
				GCC_PREPROCESSOR_DEFINITIONS = (
					"DEBUG=1",
					"$(inherited)",
				);
				INFOPLIST_FILE = TaskMeTests/Info.plist;
				LD_RUNPATH_SEARCH_PATHS = "$(inherited) @executable_path/Frameworks @loader_path/Frameworks";
				PRODUCT_NAME = "$(TARGET_NAME)";
				TEST_HOST = "$(BUILT_PRODUCTS_DIR)/TaskMe.app/TaskMe";
			};
			name = Debug;
		};
		7AC22E6D1A4754D70038D46F /* Release */ = {
			isa = XCBuildConfiguration;
			buildSettings = {
				BUNDLE_LOADER = "$(TEST_HOST)";
				FRAMEWORK_SEARCH_PATHS = (
					"$(SDKROOT)/Developer/Library/Frameworks",
					"$(inherited)",
				);
				INFOPLIST_FILE = TaskMeTests/Info.plist;
				LD_RUNPATH_SEARCH_PATHS = "$(inherited) @executable_path/Frameworks @loader_path/Frameworks";
				PRODUCT_NAME = "$(TARGET_NAME)";
				TEST_HOST = "$(BUILT_PRODUCTS_DIR)/TaskMe.app/TaskMe";
			};
			name = Release;
		};
/* End XCBuildConfiguration section */

/* Begin XCConfigurationList section */
		7AC22E421A4754D30038D46F /* Build configuration list for PBXProject "TaskMe" */ = {
			isa = XCConfigurationList;
			buildConfigurations = (
				7AC22E661A4754D70038D46F /* Debug */,
				7AC22E671A4754D70038D46F /* Release */,
			);
			defaultConfigurationIsVisible = 0;
			defaultConfigurationName = Release;
		};
		7AC22E681A4754D70038D46F /* Build configuration list for PBXNativeTarget "TaskMe" */ = {
			isa = XCConfigurationList;
			buildConfigurations = (
				7AC22E691A4754D70038D46F /* Debug */,
				7AC22E6A1A4754D70038D46F /* Release */,
			);
			defaultConfigurationIsVisible = 0;
		};
		7AC22E6B1A4754D70038D46F /* Build configuration list for PBXNativeTarget "TaskMeTests" */ = {
			isa = XCConfigurationList;
			buildConfigurations = (
				7AC22E6C1A4754D70038D46F /* Debug */,
				7AC22E6D1A4754D70038D46F /* Release */,
			);
			defaultConfigurationIsVisible = 0;
		};
/* End XCConfigurationList section */
	};
	rootObject = 7AC22E3F1A4754D20038D46F /* Project object */;
}
